// !$*UTF8*$!
{
	archiveVersion = 1;
	classes = {
	};
	objectVersion = 46;
	objects = {

/* Begin PBXBuildFile section */
		D6AEF4631CB8AB3100064F95 /* AppDelegate.swift in Sources */ = {isa = PBXBuildFile; fileRef = D6AEF4621CB8AB3100064F95 /* AppDelegate.swift */; };
		D6AEF4651CB8AB3100064F95 /* ViewController.swift in Sources */ = {isa = PBXBuildFile; fileRef = D6AEF4641CB8AB3100064F95 /* ViewController.swift */; };
		D6AEF4681CB8AB3100064F95 /* Main.storyboard in Resources */ = {isa = PBXBuildFile; fileRef = D6AEF4661CB8AB3100064F95 /* Main.storyboard */; };
		D6AEF46B1CB8AB3200064F95 /* Kid_REC.xcdatamodeld in Sources */ = {isa = PBXBuildFile; fileRef = D6AEF4691CB8AB3200064F95 /* Kid_REC.xcdatamodeld */; };
		D6AEF46D1CB8AB3200064F95 /* Assets.xcassets in Resources */ = {isa = PBXBuildFile; fileRef = D6AEF46C1CB8AB3200064F95 /* Assets.xcassets */; };
		D6AEF4701CB8AB3200064F95 /* LaunchScreen.storyboard in Resources */ = {isa = PBXBuildFile; fileRef = D6AEF46E1CB8AB3200064F95 /* LaunchScreen.storyboard */; };
		D6AEF47B1CB8AB3200064F95 /* Kid_RECTests.swift in Sources */ = {isa = PBXBuildFile; fileRef = D6AEF47A1CB8AB3200064F95 /* Kid_RECTests.swift */; };
		D6AEF4861CB8AB3200064F95 /* Kid_RECUITests.swift in Sources */ = {isa = PBXBuildFile; fileRef = D6AEF4851CB8AB3200064F95 /* Kid_RECUITests.swift */; };
		D6AEF4941CB8B48F00064F95 /* FaceChooseViewController.swift in Sources */ = {isa = PBXBuildFile; fileRef = D6AEF4931CB8B48F00064F95 /* FaceChooseViewController.swift */; };
		D6AEF4961CB8BB4500064F95 /* FaceCaptureViewController.swift in Sources */ = {isa = PBXBuildFile; fileRef = D6AEF4951CB8BB4500064F95 /* FaceCaptureViewController.swift */; };
		D6AEF4981CB8E83400064F95 /* FacePuzzleViewController.swift in Sources */ = {isa = PBXBuildFile; fileRef = D6AEF4971CB8E83400064F95 /* FacePuzzleViewController.swift */; };
		D6AEF49A1CB8F23D00064F95 /* StoryPickViewController.swift in Sources */ = {isa = PBXBuildFile; fileRef = D6AEF4991CB8F23D00064F95 /* StoryPickViewController.swift */; };
		D6AEF49C1CB8F90500064F95 /* EmoticonRecViewController.swift in Sources */ = {isa = PBXBuildFile; fileRef = D6AEF49B1CB8F90500064F95 /* EmoticonRecViewController.swift */; };
		D6AEF4A21CB901D900064F95 /* insidethebox.mp3 in Resources */ = {isa = PBXBuildFile; fileRef = D6AEF4A11CB901D900064F95 /* insidethebox.mp3 */; };
		D6AEF4A41CB9177700064F95 /* FBSDKLoginKit.framework in Frameworks */ = {isa = PBXBuildFile; fileRef = D6AEF4A31CB9177700064F95 /* FBSDKLoginKit.framework */; };
		D6AEF4A61CB9185700064F95 /* LoginViewController.swift in Sources */ = {isa = PBXBuildFile; fileRef = D6AEF4A51CB9185700064F95 /* LoginViewController.swift */; };
		D6AEF4A91CB91A2C00064F95 /* FBSDKCoreKit.framework in Frameworks */ = {isa = PBXBuildFile; fileRef = D6AEF4A81CB91A2C00064F95 /* FBSDKCoreKit.framework */; };
		D6AEF4AB1CB9669A00064F95 /* ParentsCallViewController.swift in Sources */ = {isa = PBXBuildFile; fileRef = D6AEF4AA1CB9669A00064F95 /* ParentsCallViewController.swift */; };
		D6AEF4AD1CB96D2D00064F95 /* ParentsGuideViewController.swift in Sources */ = {isa = PBXBuildFile; fileRef = D6AEF4AC1CB96D2D00064F95 /* ParentsGuideViewController.swift */; };
/* End PBXBuildFile section */

/* Begin PBXContainerItemProxy section */
		D6AEF4771CB8AB3200064F95 /* PBXContainerItemProxy */ = {
			isa = PBXContainerItemProxy;
			containerPortal = D6AEF4571CB8AB3100064F95 /* Project object */;
			proxyType = 1;
			remoteGlobalIDString = D6AEF45E1CB8AB3100064F95;
			remoteInfo = "Kid REC";
		};
		D6AEF4821CB8AB3200064F95 /* PBXContainerItemProxy */ = {
			isa = PBXContainerItemProxy;
			containerPortal = D6AEF4571CB8AB3100064F95 /* Project object */;
			proxyType = 1;
			remoteGlobalIDString = D6AEF45E1CB8AB3100064F95;
			remoteInfo = "Kid REC";
		};
/* End PBXContainerItemProxy section */

/* Begin PBXFileReference section */
		D6AEF45F1CB8AB3100064F95 /* Kid REC.app */ = {isa = PBXFileReference; explicitFileType = wrapper.application; includeInIndex = 0; path = "Kid REC.app"; sourceTree = BUILT_PRODUCTS_DIR; };
		D6AEF4621CB8AB3100064F95 /* AppDelegate.swift */ = {isa = PBXFileReference; lastKnownFileType = sourcecode.swift; path = AppDelegate.swift; sourceTree = "<group>"; };
		D6AEF4641CB8AB3100064F95 /* ViewController.swift */ = {isa = PBXFileReference; lastKnownFileType = sourcecode.swift; path = ViewController.swift; sourceTree = "<group>"; };
		D6AEF4671CB8AB3100064F95 /* Base */ = {isa = PBXFileReference; lastKnownFileType = file.storyboard; name = Base; path = Base.lproj/Main.storyboard; sourceTree = "<group>"; };
		D6AEF46A1CB8AB3200064F95 /* Kid_REC.xcdatamodel */ = {isa = PBXFileReference; lastKnownFileType = wrapper.xcdatamodel; path = Kid_REC.xcdatamodel; sourceTree = "<group>"; };
		D6AEF46C1CB8AB3200064F95 /* Assets.xcassets */ = {isa = PBXFileReference; lastKnownFileType = folder.assetcatalog; path = Assets.xcassets; sourceTree = "<group>"; };
		D6AEF46F1CB8AB3200064F95 /* Base */ = {isa = PBXFileReference; lastKnownFileType = file.storyboard; name = Base; path = Base.lproj/LaunchScreen.storyboard; sourceTree = "<group>"; };
		D6AEF4711CB8AB3200064F95 /* Info.plist */ = {isa = PBXFileReference; lastKnownFileType = text.plist.xml; path = Info.plist; sourceTree = "<group>"; };
		D6AEF4761CB8AB3200064F95 /* Kid RECTests.xctest */ = {isa = PBXFileReference; explicitFileType = wrapper.cfbundle; includeInIndex = 0; path = "Kid RECTests.xctest"; sourceTree = BUILT_PRODUCTS_DIR; };
		D6AEF47A1CB8AB3200064F95 /* Kid_RECTests.swift */ = {isa = PBXFileReference; lastKnownFileType = sourcecode.swift; path = Kid_RECTests.swift; sourceTree = "<group>"; };
		D6AEF47C1CB8AB3200064F95 /* Info.plist */ = {isa = PBXFileReference; lastKnownFileType = text.plist.xml; path = Info.plist; sourceTree = "<group>"; };
		D6AEF4811CB8AB3200064F95 /* Kid RECUITests.xctest */ = {isa = PBXFileReference; explicitFileType = wrapper.cfbundle; includeInIndex = 0; path = "Kid RECUITests.xctest"; sourceTree = BUILT_PRODUCTS_DIR; };
		D6AEF4851CB8AB3200064F95 /* Kid_RECUITests.swift */ = {isa = PBXFileReference; lastKnownFileType = sourcecode.swift; path = Kid_RECUITests.swift; sourceTree = "<group>"; };
		D6AEF4871CB8AB3200064F95 /* Info.plist */ = {isa = PBXFileReference; lastKnownFileType = text.plist.xml; path = Info.plist; sourceTree = "<group>"; };
		D6AEF4931CB8B48F00064F95 /* FaceChooseViewController.swift */ = {isa = PBXFileReference; fileEncoding = 4; lastKnownFileType = sourcecode.swift; path = FaceChooseViewController.swift; sourceTree = "<group>"; };
		D6AEF4951CB8BB4500064F95 /* FaceCaptureViewController.swift */ = {isa = PBXFileReference; fileEncoding = 4; lastKnownFileType = sourcecode.swift; path = FaceCaptureViewController.swift; sourceTree = "<group>"; };
		D6AEF4971CB8E83400064F95 /* FacePuzzleViewController.swift */ = {isa = PBXFileReference; fileEncoding = 4; lastKnownFileType = sourcecode.swift; path = FacePuzzleViewController.swift; sourceTree = "<group>"; };
		D6AEF4991CB8F23D00064F95 /* StoryPickViewController.swift */ = {isa = PBXFileReference; fileEncoding = 4; lastKnownFileType = sourcecode.swift; path = StoryPickViewController.swift; sourceTree = "<group>"; };
		D6AEF49B1CB8F90500064F95 /* EmoticonRecViewController.swift */ = {isa = PBXFileReference; fileEncoding = 4; lastKnownFileType = sourcecode.swift; path = EmoticonRecViewController.swift; sourceTree = "<group>"; };
		D6AEF4A11CB901D900064F95 /* insidethebox.mp3 */ = {isa = PBXFileReference; lastKnownFileType = audio.mp3; path = insidethebox.mp3; sourceTree = "<group>"; };
		D6AEF4A31CB9177700064F95 /* FBSDKLoginKit.framework */ = {isa = PBXFileReference; lastKnownFileType = wrapper.framework; name = FBSDKLoginKit.framework; path = "../../Downloads/FacebookSDKs-iOS-20160316/FBSDKLoginKit.framework"; sourceTree = "<group>"; };
		D6AEF4A51CB9185700064F95 /* LoginViewController.swift */ = {isa = PBXFileReference; fileEncoding = 4; lastKnownFileType = sourcecode.swift; path = LoginViewController.swift; sourceTree = "<group>"; };
		D6AEF4A71CB9192600064F95 /* BridingHeader.h */ = {isa = PBXFileReference; lastKnownFileType = sourcecode.c.h; path = BridingHeader.h; sourceTree = "<group>"; };
		D6AEF4A81CB91A2C00064F95 /* FBSDKCoreKit.framework */ = {isa = PBXFileReference; lastKnownFileType = wrapper.framework; name = FBSDKCoreKit.framework; path = "../../Downloads/FacebookSDKs-iOS-20160316/FBSDKCoreKit.framework"; sourceTree = "<group>"; };
		D6AEF4AA1CB9669A00064F95 /* ParentsCallViewController.swift */ = {isa = PBXFileReference; fileEncoding = 4; lastKnownFileType = sourcecode.swift; path = ParentsCallViewController.swift; sourceTree = "<group>"; };
		D6AEF4AC1CB96D2D00064F95 /* ParentsGuideViewController.swift */ = {isa = PBXFileReference; fileEncoding = 4; lastKnownFileType = sourcecode.swift; path = ParentsGuideViewController.swift; sourceTree = "<group>"; };
/* End PBXFileReference section */

/* Begin PBXFrameworksBuildPhase section */
		D6AEF45C1CB8AB3100064F95 /* Frameworks */ = {
			isa = PBXFrameworksBuildPhase;
			buildActionMask = 2147483647;
			files = (
				D6AEF4A91CB91A2C00064F95 /* FBSDKCoreKit.framework in Frameworks */,
				D6AEF4A41CB9177700064F95 /* FBSDKLoginKit.framework in Frameworks */,
			);
			runOnlyForDeploymentPostprocessing = 0;
		};
		D6AEF4731CB8AB3200064F95 /* Frameworks */ = {
			isa = PBXFrameworksBuildPhase;
			buildActionMask = 2147483647;
			files = (
			);
			runOnlyForDeploymentPostprocessing = 0;
		};
		D6AEF47E1CB8AB3200064F95 /* Frameworks */ = {
			isa = PBXFrameworksBuildPhase;
			buildActionMask = 2147483647;
			files = (
			);
			runOnlyForDeploymentPostprocessing = 0;
		};
/* End PBXFrameworksBuildPhase section */

/* Begin PBXGroup section */
		D6AEF4561CB8AB3100064F95 = {
			isa = PBXGroup;
			children = (
				D6AEF4A81CB91A2C00064F95 /* FBSDKCoreKit.framework */,
				D6AEF4A31CB9177700064F95 /* FBSDKLoginKit.framework */,
				D6AEF4611CB8AB3100064F95 /* Kid REC */,
				D6AEF4791CB8AB3200064F95 /* Kid RECTests */,
				D6AEF4841CB8AB3200064F95 /* Kid RECUITests */,
				D6AEF4601CB8AB3100064F95 /* Products */,
			);
			sourceTree = "<group>";
		};
		D6AEF4601CB8AB3100064F95 /* Products */ = {
			isa = PBXGroup;
			children = (
				D6AEF45F1CB8AB3100064F95 /* Kid REC.app */,
				D6AEF4761CB8AB3200064F95 /* Kid RECTests.xctest */,
				D6AEF4811CB8AB3200064F95 /* Kid RECUITests.xctest */,
			);
			name = Products;
			sourceTree = "<group>";
		};
		D6AEF4611CB8AB3100064F95 /* Kid REC */ = {
			isa = PBXGroup;
			children = (
				D6AEF4A11CB901D900064F95 /* insidethebox.mp3 */,
				D6AEF4621CB8AB3100064F95 /* AppDelegate.swift */,
				D6AEF4641CB8AB3100064F95 /* ViewController.swift */,
				D6AEF4661CB8AB3100064F95 /* Main.storyboard */,
				D6AEF46C1CB8AB3200064F95 /* Assets.xcassets */,
				D6AEF46E1CB8AB3200064F95 /* LaunchScreen.storyboard */,
				D6AEF4711CB8AB3200064F95 /* Info.plist */,
				D6AEF4691CB8AB3200064F95 /* Kid_REC.xcdatamodeld */,
				D6AEF4931CB8B48F00064F95 /* FaceChooseViewController.swift */,
				D6AEF4951CB8BB4500064F95 /* FaceCaptureViewController.swift */,
				D6AEF4971CB8E83400064F95 /* FacePuzzleViewController.swift */,
				D6AEF4991CB8F23D00064F95 /* StoryPickViewController.swift */,
				D6AEF49B1CB8F90500064F95 /* EmoticonRecViewController.swift */,
				D6AEF4A51CB9185700064F95 /* LoginViewController.swift */,
				D6AEF4A71CB9192600064F95 /* BridingHeader.h */,
				D6AEF4AA1CB9669A00064F95 /* ParentsCallViewController.swift */,
				D6AEF4AC1CB96D2D00064F95 /* ParentsGuideViewController.swift */,
			);
			path = "Kid REC";
			sourceTree = "<group>";
		};
		D6AEF4791CB8AB3200064F95 /* Kid RECTests */ = {
			isa = PBXGroup;
			children = (
				D6AEF47A1CB8AB3200064F95 /* Kid_RECTests.swift */,
				D6AEF47C1CB8AB3200064F95 /* Info.plist */,
			);
			path = "Kid RECTests";
			sourceTree = "<group>";
		};
		D6AEF4841CB8AB3200064F95 /* Kid RECUITests */ = {
			isa = PBXGroup;
			children = (
				D6AEF4851CB8AB3200064F95 /* Kid_RECUITests.swift */,
				D6AEF4871CB8AB3200064F95 /* Info.plist */,
			);
			path = "Kid RECUITests";
			sourceTree = "<group>";
		};
/* End PBXGroup section */

/* Begin PBXNativeTarget section */
		D6AEF45E1CB8AB3100064F95 /* Kid REC */ = {
			isa = PBXNativeTarget;
			buildConfigurationList = D6AEF48A1CB8AB3200064F95 /* Build configuration list for PBXNativeTarget "Kid REC" */;
			buildPhases = (
				D6AEF45B1CB8AB3100064F95 /* Sources */,
				D6AEF45C1CB8AB3100064F95 /* Frameworks */,
				D6AEF45D1CB8AB3100064F95 /* Resources */,
			);
			buildRules = (
			);
			dependencies = (
			);
			name = "Kid REC";
			productName = "Kid REC";
			productReference = D6AEF45F1CB8AB3100064F95 /* Kid REC.app */;
			productType = "com.apple.product-type.application";
		};
		D6AEF4751CB8AB3200064F95 /* Kid RECTests */ = {
			isa = PBXNativeTarget;
			buildConfigurationList = D6AEF48D1CB8AB3200064F95 /* Build configuration list for PBXNativeTarget "Kid RECTests" */;
			buildPhases = (
				D6AEF4721CB8AB3200064F95 /* Sources */,
				D6AEF4731CB8AB3200064F95 /* Frameworks */,
				D6AEF4741CB8AB3200064F95 /* Resources */,
			);
			buildRules = (
			);
			dependencies = (
				D6AEF4781CB8AB3200064F95 /* PBXTargetDependency */,
			);
			name = "Kid RECTests";
			productName = "Kid RECTests";
			productReference = D6AEF4761CB8AB3200064F95 /* Kid RECTests.xctest */;
			productType = "com.apple.product-type.bundle.unit-test";
		};
		D6AEF4801CB8AB3200064F95 /* Kid RECUITests */ = {
			isa = PBXNativeTarget;
			buildConfigurationList = D6AEF4901CB8AB3200064F95 /* Build configuration list for PBXNativeTarget "Kid RECUITests" */;
			buildPhases = (
				D6AEF47D1CB8AB3200064F95 /* Sources */,
				D6AEF47E1CB8AB3200064F95 /* Frameworks */,
				D6AEF47F1CB8AB3200064F95 /* Resources */,
			);
			buildRules = (
			);
			dependencies = (
				D6AEF4831CB8AB3200064F95 /* PBXTargetDependency */,
			);
			name = "Kid RECUITests";
			productName = "Kid RECUITests";
			productReference = D6AEF4811CB8AB3200064F95 /* Kid RECUITests.xctest */;
			productType = "com.apple.product-type.bundle.ui-testing";
		};
/* End PBXNativeTarget section */

/* Begin PBXProject section */
		D6AEF4571CB8AB3100064F95 /* Project object */ = {
			isa = PBXProject;
			attributes = {
				LastSwiftUpdateCheck = 0730;
				LastUpgradeCheck = 0730;
				ORGANIZATIONNAME = "Bang Dao";
				TargetAttributes = {
					D6AEF45E1CB8AB3100064F95 = {
						CreatedOnToolsVersion = 7.3;
					};
					D6AEF4751CB8AB3200064F95 = {
						CreatedOnToolsVersion = 7.3;
						TestTargetID = D6AEF45E1CB8AB3100064F95;
					};
					D6AEF4801CB8AB3200064F95 = {
						CreatedOnToolsVersion = 7.3;
						TestTargetID = D6AEF45E1CB8AB3100064F95;
					};
				};
			};
			buildConfigurationList = D6AEF45A1CB8AB3100064F95 /* Build configuration list for PBXProject "Kid REC" */;
			compatibilityVersion = "Xcode 3.2";
			developmentRegion = English;
			hasScannedForEncodings = 0;
			knownRegions = (
				en,
				Base,
			);
			mainGroup = D6AEF4561CB8AB3100064F95;
			productRefGroup = D6AEF4601CB8AB3100064F95 /* Products */;
			projectDirPath = "";
			projectRoot = "";
			targets = (
				D6AEF45E1CB8AB3100064F95 /* Kid REC */,
				D6AEF4751CB8AB3200064F95 /* Kid RECTests */,
				D6AEF4801CB8AB3200064F95 /* Kid RECUITests */,
			);
		};
/* End PBXProject section */

/* Begin PBXResourcesBuildPhase section */
		D6AEF45D1CB8AB3100064F95 /* Resources */ = {
			isa = PBXResourcesBuildPhase;
			buildActionMask = 2147483647;
			files = (
				D6AEF4A21CB901D900064F95 /* insidethebox.mp3 in Resources */,
				D6AEF4701CB8AB3200064F95 /* LaunchScreen.storyboard in Resources */,
				D6AEF46D1CB8AB3200064F95 /* Assets.xcassets in Resources */,
				D6AEF4681CB8AB3100064F95 /* Main.storyboard in Resources */,
			);
			runOnlyForDeploymentPostprocessing = 0;
		};
		D6AEF4741CB8AB3200064F95 /* Resources */ = {
			isa = PBXResourcesBuildPhase;
			buildActionMask = 2147483647;
			files = (
			);
			runOnlyForDeploymentPostprocessing = 0;
		};
		D6AEF47F1CB8AB3200064F95 /* Resources */ = {
			isa = PBXResourcesBuildPhase;
			buildActionMask = 2147483647;
			files = (
			);
			runOnlyForDeploymentPostprocessing = 0;
		};
/* End PBXResourcesBuildPhase section */

/* Begin PBXSourcesBuildPhase section */
		D6AEF45B1CB8AB3100064F95 /* Sources */ = {
			isa = PBXSourcesBuildPhase;
			buildActionMask = 2147483647;
			files = (
				D6AEF4A61CB9185700064F95 /* LoginViewController.swift in Sources */,
				D6AEF4AD1CB96D2D00064F95 /* ParentsGuideViewController.swift in Sources */,
				D6AEF4941CB8B48F00064F95 /* FaceChooseViewController.swift in Sources */,
				D6AEF4AB1CB9669A00064F95 /* ParentsCallViewController.swift in Sources */,
				D6AEF4961CB8BB4500064F95 /* FaceCaptureViewController.swift in Sources */,
				D6AEF49A1CB8F23D00064F95 /* StoryPickViewController.swift in Sources */,
				D6AEF4651CB8AB3100064F95 /* ViewController.swift in Sources */,
				D6AEF4981CB8E83400064F95 /* FacePuzzleViewController.swift in Sources */,
				D6AEF49C1CB8F90500064F95 /* EmoticonRecViewController.swift in Sources */,
				D6AEF4631CB8AB3100064F95 /* AppDelegate.swift in Sources */,
				D6AEF46B1CB8AB3200064F95 /* Kid_REC.xcdatamodeld in Sources */,
			);
			runOnlyForDeploymentPostprocessing = 0;
		};
		D6AEF4721CB8AB3200064F95 /* Sources */ = {
			isa = PBXSourcesBuildPhase;
			buildActionMask = 2147483647;
			files = (
				D6AEF47B1CB8AB3200064F95 /* Kid_RECTests.swift in Sources */,
			);
			runOnlyForDeploymentPostprocessing = 0;
		};
		D6AEF47D1CB8AB3200064F95 /* Sources */ = {
			isa = PBXSourcesBuildPhase;
			buildActionMask = 2147483647;
			files = (
				D6AEF4861CB8AB3200064F95 /* Kid_RECUITests.swift in Sources */,
			);
			runOnlyForDeploymentPostprocessing = 0;
		};
/* End PBXSourcesBuildPhase section */

/* Begin PBXTargetDependency section */
		D6AEF4781CB8AB3200064F95 /* PBXTargetDependency */ = {
			isa = PBXTargetDependency;
			target = D6AEF45E1CB8AB3100064F95 /* Kid REC */;
			targetProxy = D6AEF4771CB8AB3200064F95 /* PBXContainerItemProxy */;
		};
		D6AEF4831CB8AB3200064F95 /* PBXTargetDependency */ = {
			isa = PBXTargetDependency;
			target = D6AEF45E1CB8AB3100064F95 /* Kid REC */;
			targetProxy = D6AEF4821CB8AB3200064F95 /* PBXContainerItemProxy */;
		};
/* End PBXTargetDependency section */

/* Begin PBXVariantGroup section */
		D6AEF4661CB8AB3100064F95 /* Main.storyboard */ = {
			isa = PBXVariantGroup;
			children = (
				D6AEF4671CB8AB3100064F95 /* Base */,
			);
			name = Main.storyboard;
			sourceTree = "<group>";
		};
		D6AEF46E1CB8AB3200064F95 /* LaunchScreen.storyboard */ = {
			isa = PBXVariantGroup;
			children = (
				D6AEF46F1CB8AB3200064F95 /* Base */,
			);
			name = LaunchScreen.storyboard;
			sourceTree = "<group>";
		};
/* End PBXVariantGroup section */

/* Begin XCBuildConfiguration section */
		D6AEF4881CB8AB3200064F95 /* Debug */ = {
			isa = XCBuildConfiguration;
			buildSettings = {
				ALWAYS_SEARCH_USER_PATHS = NO;
				CLANG_ANALYZER_NONNULL = YES;
				CLANG_CXX_LANGUAGE_STANDARD = "gnu++0x";
				CLANG_CXX_LIBRARY = "libc++";
				CLANG_ENABLE_MODULES = YES;
				CLANG_ENABLE_OBJC_ARC = YES;
				CLANG_WARN_BOOL_CONVERSION = YES;
				CLANG_WARN_CONSTANT_CONVERSION = YES;
				CLANG_WARN_DIRECT_OBJC_ISA_USAGE = YES_ERROR;
				CLANG_WARN_EMPTY_BODY = YES;
				CLANG_WARN_ENUM_CONVERSION = YES;
				CLANG_WARN_INT_CONVERSION = YES;
				CLANG_WARN_OBJC_ROOT_CLASS = YES_ERROR;
				CLANG_WARN_UNREACHABLE_CODE = YES;
				CLANG_WARN__DUPLICATE_METHOD_MATCH = YES;
				"CODE_SIGN_IDENTITY[sdk=iphoneos*]" = "iPhone Developer";
				COPY_PHASE_STRIP = NO;
				DEBUG_INFORMATION_FORMAT = dwarf;
				ENABLE_STRICT_OBJC_MSGSEND = YES;
				ENABLE_TESTABILITY = YES;
				GCC_C_LANGUAGE_STANDARD = gnu99;
				GCC_DYNAMIC_NO_PIC = NO;
				GCC_NO_COMMON_BLOCKS = YES;
				GCC_OPTIMIZATION_LEVEL = 0;
				GCC_PREPROCESSOR_DEFINITIONS = (
					"DEBUG=1",
					"$(inherited)",
				);
				GCC_WARN_64_TO_32_BIT_CONVERSION = YES;
				GCC_WARN_ABOUT_RETURN_TYPE = YES_ERROR;
				GCC_WARN_UNDECLARED_SELECTOR = YES;
				GCC_WARN_UNINITIALIZED_AUTOS = YES_AGGRESSIVE;
				GCC_WARN_UNUSED_FUNCTION = YES;
				GCC_WARN_UNUSED_VARIABLE = YES;
				IPHONEOS_DEPLOYMENT_TARGET = 9.3;
				MTL_ENABLE_DEBUG_INFO = YES;
				ONLY_ACTIVE_ARCH = YES;
				SDKROOT = iphoneos;
				SWIFT_OPTIMIZATION_LEVEL = "-Onone";
			};
			name = Debug;
		};
		D6AEF4891CB8AB3200064F95 /* Release */ = {
			isa = XCBuildConfiguration;
			buildSettings = {
				ALWAYS_SEARCH_USER_PATHS = NO;
				CLANG_ANALYZER_NONNULL = YES;
				CLANG_CXX_LANGUAGE_STANDARD = "gnu++0x";
				CLANG_CXX_LIBRARY = "libc++";
				CLANG_ENABLE_MODULES = YES;
				CLANG_ENABLE_OBJC_ARC = YES;
				CLANG_WARN_BOOL_CONVERSION = YES;
				CLANG_WARN_CONSTANT_CONVERSION = YES;
				CLANG_WARN_DIRECT_OBJC_ISA_USAGE = YES_ERROR;
				CLANG_WARN_EMPTY_BODY = YES;
				CLANG_WARN_ENUM_CONVERSION = YES;
				CLANG_WARN_INT_CONVERSION = YES;
				CLANG_WARN_OBJC_ROOT_CLASS = YES_ERROR;
				CLANG_WARN_UNREACHABLE_CODE = YES;
				CLANG_WARN__DUPLICATE_METHOD_MATCH = YES;
				"CODE_SIGN_IDENTITY[sdk=iphoneos*]" = "iPhone Developer";
				COPY_PHASE_STRIP = NO;
				DEBUG_INFORMATION_FORMAT = "dwarf-with-dsym";
				ENABLE_NS_ASSERTIONS = NO;
				ENABLE_STRICT_OBJC_MSGSEND = YES;
				GCC_C_LANGUAGE_STANDARD = gnu99;
				GCC_NO_COMMON_BLOCKS = YES;
				GCC_WARN_64_TO_32_BIT_CONVERSION = YES;
				GCC_WARN_ABOUT_RETURN_TYPE = YES_ERROR;
				GCC_WARN_UNDECLARED_SELECTOR = YES;
				GCC_WARN_UNINITIALIZED_AUTOS = YES_AGGRESSIVE;
				GCC_WARN_UNUSED_FUNCTION = YES;
				GCC_WARN_UNUSED_VARIABLE = YES;
				IPHONEOS_DEPLOYMENT_TARGET = 9.3;
				MTL_ENABLE_DEBUG_INFO = NO;
				SDKROOT = iphoneos;
				VALIDATE_PRODUCT = YES;
			};
			name = Release;
		};
		D6AEF48B1CB8AB3200064F95 /* Debug */ = {
			isa = XCBuildConfiguration;
			buildSettings = {
				ASSETCATALOG_COMPILER_APPICON_NAME = AppIcon;
				FRAMEWORK_SEARCH_PATHS = (
					"$(inherited)",
					"$(PROJECT_DIR)/Kid\\ Rec",
					"/Users/hatdao/Downloads/FacebookSDKs-iOS-20160316",
				);
				INFOPLIST_FILE = "Kid REC/Info.plist";
				LD_RUNPATH_SEARCH_PATHS = "$(inherited) @executable_path/Frameworks";
				PRODUCT_BUNDLE_IDENTIFIER = "com.bangdao.Kid-REC";
				PRODUCT_NAME = "$(TARGET_NAME)";
			};
			name = Debug;
		};
		D6AEF48C1CB8AB3200064F95 /* Release */ = {
			isa = XCBuildConfiguration;
			buildSettings = {
				ASSETCATALOG_COMPILER_APPICON_NAME = AppIcon;
				FRAMEWORK_SEARCH_PATHS = (
					"$(inherited)",
					"$(PROJECT_DIR)/Kid\\ Rec",
					"/Users/hatdao/Downloads/FacebookSDKs-iOS-20160316",
				);
				INFOPLIST_FILE = "Kid REC/Info.plist";
				LD_RUNPATH_SEARCH_PATHS = "$(inherited) @executable_path/Frameworks";
				PRODUCT_BUNDLE_IDENTIFIER = "com.bangdao.Kid-REC";
				PRODUCT_NAME = "$(TARGET_NAME)";
			};
			name = Release;
		};
		D6AEF48E1CB8AB3200064F95 /* Debug */ = {
			isa = XCBuildConfiguration;
			buildSettings = {
				BUNDLE_LOADER = "$(TEST_HOST)";
				INFOPLIST_FILE = "Kid RECTests/Info.plist";
				LD_RUNPATH_SEARCH_PATHS = "$(inherited) @executable_path/Frameworks @loader_path/Frameworks";
				PRODUCT_BUNDLE_IDENTIFIER = "com.bangdao.Kid-RECTests";
				PRODUCT_NAME = "$(TARGET_NAME)";
				TEST_HOST = "$(BUILT_PRODUCTS_DIR)/Kid REC.app/Kid REC";
			};
			name = Debug;
		};
		D6AEF48F1CB8AB3200064F95 /* Release */ = {
			isa = XCBuildConfiguration;
			buildSettings = {
				BUNDLE_LOADER = "$(TEST_HOST)";
				INFOPLIST_FILE = "Kid RECTests/Info.plist";
				LD_RUNPATH_SEARCH_PATHS = "$(inherited) @executable_path/Frameworks @loader_path/Frameworks";
				PRODUCT_BUNDLE_IDENTIFIER = "com.bangdao.Kid-RECTests";
				PRODUCT_NAME = "$(TARGET_NAME)";
				TEST_HOST = "$(BUILT_PRODUCTS_DIR)/Kid REC.app/Kid REC";
			};
			name = Release;
		};
		D6AEF4911CB8AB3200064F95 /* Debug */ = {
			isa = XCBuildConfiguration;
			buildSettings = {
				INFOPLIST_FILE = "Kid RECUITests/Info.plist";
				LD_RUNPATH_SEARCH_PATHS = "$(inherited) @executable_path/Frameworks @loader_path/Frameworks";
				PRODUCT_BUNDLE_IDENTIFIER = "com.bangdao.Kid-RECUITests";
				PRODUCT_NAME = "$(TARGET_NAME)";
				TEST_TARGET_NAME = "Kid REC";
			};
			name = Debug;
		};
		D6AEF4921CB8AB3200064F95 /* Release */ = {
			isa = XCBuildConfiguration;
			buildSettings = {
				INFOPLIST_FILE = "Kid RECUITests/Info.plist";
				LD_RUNPATH_SEARCH_PATHS = "$(inherited) @executable_path/Frameworks @loader_path/Frameworks";
				PRODUCT_BUNDLE_IDENTIFIER = "com.bangdao.Kid-RECUITests";
				PRODUCT_NAME = "$(TARGET_NAME)";
				TEST_TARGET_NAME = "Kid REC";
			};
			name = Release;
		};
/* End XCBuildConfiguration section */

/* Begin XCConfigurationList section */
		D6AEF45A1CB8AB3100064F95 /* Build configuration list for PBXProject "Kid REC" */ = {
			isa = XCConfigurationList;
			buildConfigurations = (
				D6AEF4881CB8AB3200064F95 /* Debug */,
				D6AEF4891CB8AB3200064F95 /* Release */,
			);
			defaultConfigurationIsVisible = 0;
			defaultConfigurationName = Release;
		};
		D6AEF48A1CB8AB3200064F95 /* Build configuration list for PBXNativeTarget "Kid REC" */ = {
			isa = XCConfigurationList;
			buildConfigurations = (
				D6AEF48B1CB8AB3200064F95 /* Debug */,
				D6AEF48C1CB8AB3200064F95 /* Release */,
			);
			defaultConfigurationIsVisible = 0;
		};
		D6AEF48D1CB8AB3200064F95 /* Build configuration list for PBXNativeTarget "Kid RECTests" */ = {
			isa = XCConfigurationList;
			buildConfigurations = (
				D6AEF48E1CB8AB3200064F95 /* Debug */,
				D6AEF48F1CB8AB3200064F95 /* Release */,
			);
			defaultConfigurationIsVisible = 0;
		};
		D6AEF4901CB8AB3200064F95 /* Build configuration list for PBXNativeTarget "Kid RECUITests" */ = {
			isa = XCConfigurationList;
			buildConfigurations = (
				D6AEF4911CB8AB3200064F95 /* Debug */,
				D6AEF4921CB8AB3200064F95 /* Release */,
			);
			defaultConfigurationIsVisible = 0;
		};
/* End XCConfigurationList section */

/* Begin XCVersionGroup section */
		D6AEF4691CB8AB3200064F95 /* Kid_REC.xcdatamodeld */ = {
			isa = XCVersionGroup;
			children = (
				D6AEF46A1CB8AB3200064F95 /* Kid_REC.xcdatamodel */,
			);
			currentVersion = D6AEF46A1CB8AB3200064F95 /* Kid_REC.xcdatamodel */;
			path = Kid_REC.xcdatamodeld;
			sourceTree = "<group>";
			versionGroupType = wrapper.xcdatamodel;
		};
/* End XCVersionGroup section */
	};
	rootObject = D6AEF4571CB8AB3100064F95 /* Project object */;
}
